
Microsoft Visual Studio Solution File, Format Version 12.00
# Visual Studio Version 18
VisualStudioVersion = 18.0.11121.172 d18.0
MinimumVisualStudioVersion = 10.0.40219.1
Project("{FAE04EC0-301F-11D3-BF4B-00C04F79EFBC}") = "BuildTargets", "private\BuildTargets\BuildTargets.csproj", "{8787ED6F-0232-467E-9192-F5BBE9138C03}"
EndProject
Project("{9A19103F-16F7-4668-BE54-9A1E7A4F7556}") = "Magico", "public\Magico\Magico.csproj", "{4B7D3DD5-B086-42ED-A02B-AED489D02088}"
EndProject
Project("{9A19103F-16F7-4668-BE54-9A1E7A4F7556}") = "Magico.Native", "public\Magico.Native\Magico.Native.csproj", "{4AB82C17-DE9E-4D25-917A-D85F28DDFE05}"
EndProject
Project("{9A19103F-16F7-4668-BE54-9A1E7A4F7556}") = "Magico.Tests", "private\Magico.Tests\Magico.Tests.csproj", "{19BBDE36-C683-4752-B6AA-FCA679CBD118}"
EndProject
Project("{9A19103F-16F7-4668-BE54-9A1E7A4F7556}") = "Magico.Console", "private\Magico.Console\Magico.Console.csproj", "{F9960134-7F68-40DB-91AA-A95046D897F6}"
EndProject
Project("{2150E333-8FDC-42A3-9474-1A3956D46DE8}") = "Public", "Public", "{6FD31E96-8BB3-4DB1-95D8-3AE0F6CAB814}"
EndProject
Project("{2150E333-8FDC-42A3-9474-1A3956D46DE8}") = "Private", "Private", "{331D36D2-86F2-47C5-8612-DD5E55DAAF19}"
EndProject
Project("{2150E333-8FDC-42A3-9474-1A3956D46DE8}") = "Assets", "Assets", "{F0F434CC-6FEF-4ED0-A4A7-8FE6910ED63E}"
	ProjectSection(SolutionItems) = preProject
		CHANGES = CHANGES
		CHANGES.TITLE = CHANGES.TITLE
		Directory.Build.props = Directory.Build.props
	EndProjectSection
EndProject
Global
	GlobalSection(SolutionConfigurationPlatforms) = preSolution
		Debug|Any CPU = Debug|Any CPU
		Release|Any CPU = Release|Any CPU
	EndGlobalSection
	GlobalSection(ProjectConfigurationPlatforms) = postSolution
		{8787ED6F-0232-467E-9192-F5BBE9138C03}.Debug|Any CPU.ActiveCfg = Debug|Any CPU
		{8787ED6F-0232-467E-9192-F5BBE9138C03}.Debug|Any CPU.Build.0 = Debug|Any CPU
		{8787ED6F-0232-467E-9192-F5BBE9138C03}.Release|Any CPU.ActiveCfg = Release|Any CPU
		{8787ED6F-0232-467E-9192-F5BBE9138C03}.Release|Any CPU.Build.0 = Release|Any CPU
		{4B7D3DD5-B086-42ED-A02B-AED489D02088}.Debug|Any CPU.ActiveCfg = Debug|Any CPU
		{4B7D3DD5-B086-42ED-A02B-AED489D02088}.Debug|Any CPU.Build.0 = Debug|Any CPU
		{4B7D3DD5-B086-42ED-A02B-AED489D02088}.Release|Any CPU.ActiveCfg = Release|Any CPU
		{4B7D3DD5-B086-42ED-A02B-AED489D02088}.Release|Any CPU.Build.0 = Release|Any CPU
		{4AB82C17-DE9E-4D25-917A-D85F28DDFE05}.Debug|Any CPU.ActiveCfg = Debug|Any CPU
		{4AB82C17-DE9E-4D25-917A-D85F28DDFE05}.Debug|Any CPU.Build.0 = Debug|Any CPU
		{4AB82C17-DE9E-4D25-917A-D85F28DDFE05}.Release|Any CPU.ActiveCfg = Release|Any CPU
		{4AB82C17-DE9E-4D25-917A-D85F28DDFE05}.Release|Any CPU.Build.0 = Release|Any CPU
		{19BBDE36-C683-4752-B6AA-FCA679CBD118}.Debug|Any CPU.ActiveCfg = Debug|Any CPU
		{19BBDE36-C683-4752-B6AA-FCA679CBD118}.Debug|Any CPU.Build.0 = Debug|Any CPU
		{19BBDE36-C683-4752-B6AA-FCA679CBD118}.Release|Any CPU.ActiveCfg = Release|Any CPU
		{19BBDE36-C683-4752-B6AA-FCA679CBD118}.Release|Any CPU.Build.0 = Release|Any CPU
		{F9960134-7F68-40DB-91AA-A95046D897F6}.Debug|Any CPU.ActiveCfg = Debug|Any CPU
		{F9960134-7F68-40DB-91AA-A95046D897F6}.Debug|Any CPU.Build.0 = Debug|Any CPU
		{F9960134-7F68-40DB-91AA-A95046D897F6}.Release|Any CPU.ActiveCfg = Release|Any CPU
		{F9960134-7F68-40DB-91AA-A95046D897F6}.Release|Any CPU.Build.0 = Release|Any CPU
	EndGlobalSection
	GlobalSection(SolutionProperties) = preSolution
		HideSolutionNode = FALSE
	EndGlobalSection
	GlobalSection(NestedProjects) = preSolution
		{8787ED6F-0232-467E-9192-F5BBE9138C03} = {331D36D2-86F2-47C5-8612-DD5E55DAAF19}
		{4B7D3DD5-B086-42ED-A02B-AED489D02088} = {6FD31E96-8BB3-4DB1-95D8-3AE0F6CAB814}
		{4AB82C17-DE9E-4D25-917A-D85F28DDFE05} = {6FD31E96-8BB3-4DB1-95D8-3AE0F6CAB814}
		{19BBDE36-C683-4752-B6AA-FCA679CBD118} = {331D36D2-86F2-47C5-8612-DD5E55DAAF19}
		{F9960134-7F68-40DB-91AA-A95046D897F6} = {331D36D2-86F2-47C5-8612-DD5E55DAAF19}
	EndGlobalSection
	GlobalSection(ExtensibilityGlobals) = postSolution
		SolutionGuid = {D47F3184-8E12-4367-B5BF-F15E35695944}
	EndGlobalSection
EndGlobal
